
Microsoft Visual Studio Solution File, Format Version 12.00
# Visual Studio Version 16
VisualStudioVersion = 16.0.30523.141
MinimumVisualStudioVersion = 10.0.40219.1
Project("{FAE04EC0-301F-11D3-BF4B-00C04F79EFBC}") = "valorant_instalock", "valorant_instalock\valorant_instalock.csproj", "{160843F1-1847-44D8-8AF9-4D0CAAF9A527}"
EndProject
Global
	GlobalSection(SolutionConfigurationPlatforms) = preSolution
		Debug|Any CPU = Debug|Any CPU
		Release|Any CPU = Release|Any CPU
	EndGlobalSection
	GlobalSection(ProjectConfigurationPlatforms) = postSolution
		{160843F1-1847-44D8-8AF9-4D0CAAF9A527}.Debug|Any CPU.ActiveCfg = Debug|Any CPU
		{160843F1-1847-44D8-8AF9-4D0CAAF9A527}.Debug|Any CPU.Build.0 = Debug|Any CPU
		{160843F1-1847-44D8-8AF9-4D0CAAF9A527}.Release|Any CPU.ActiveCfg = Release|Any CPU
		{160843F1-1847-44D8-8AF9-4D0CAAF9A527}.Release|Any CPU.Build.0 = Release|Any CPU
	EndGlobalSection
	GlobalSection(SolutionProperties) = preSolution
		HideSolutionNode = FALSE
	EndGlobalSection
	GlobalSection(ExtensibilityGlobals) = postSolution
		SolutionGuid = {7DC8799D-D75B-445C-BB87-A68405B00018}
	EndGlobalSection
EndGlobal
